// !$*UTF8*$!
{
	archiveVersion = 1;
	classes = {
	};
	objectVersion = 55;
	objects = {

/* Begin PBXBuildFile section */
		AF3EAFA928384B83008D27ED /* ImageViewExtension.swift in Sources */ = {isa = PBXBuildFile; fileRef = AF3EAFA828384B83008D27ED /* ImageViewExtension.swift */; };
		AFD2F02928378E9A00153863 /* Quick_ShareApp.swift in Sources */ = {isa = PBXBuildFile; fileRef = AFD2F01928378E9900153863 /* Quick_ShareApp.swift */; };
		AFD2F02A28378E9A00153863 /* Quick_ShareApp.swift in Sources */ = {isa = PBXBuildFile; fileRef = AFD2F01928378E9900153863 /* Quick_ShareApp.swift */; };
		AFD2F02B28378E9A00153863 /* ContentView.swift in Sources */ = {isa = PBXBuildFile; fileRef = AFD2F01A28378E9900153863 /* ContentView.swift */; };
		AFD2F02C28378E9A00153863 /* ContentView.swift in Sources */ = {isa = PBXBuildFile; fileRef = AFD2F01A28378E9900153863 /* ContentView.swift */; };
		AFD2F02D28378E9A00153863 /* Assets.xcassets in Resources */ = {isa = PBXBuildFile; fileRef = AFD2F01B28378E9A00153863 /* Assets.xcassets */; };
		AFD2F02E28378E9A00153863 /* Assets.xcassets in Resources */ = {isa = PBXBuildFile; fileRef = AFD2F01B28378E9A00153863 /* Assets.xcassets */; };
		AFD2F03E283792E800153863 /* ShareViewController.swift in Sources */ = {isa = PBXBuildFile; fileRef = AFD2F03D283792E800153863 /* ShareViewController.swift */; };
		AFD2F041283792E800153863 /* MainInterface.storyboard in Resources */ = {isa = PBXBuildFile; fileRef = AFD2F03F283792E800153863 /* MainInterface.storyboard */; };
		AFD2F045283792E800153863 /* Share Extension.appex in Embed App Extensions */ = {isa = PBXBuildFile; fileRef = AFD2F03B283792E800153863 /* Share Extension.appex */; settings = {ATTRIBUTES = (RemoveHeadersOnCopy, ); }; };
/* End PBXBuildFile section */

/* Begin PBXContainerItemProxy section */
		AFD2F043283792E800153863 /* PBXContainerItemProxy */ = {
			isa = PBXContainerItemProxy;
			containerPortal = AFD2F01428378E9900153863 /* Project object */;
			proxyType = 1;
			remoteGlobalIDString = AFD2F03A283792E800153863;
			remoteInfo = "Share Extension";
		};
/* End PBXContainerItemProxy section */

/* Begin PBXCopyFilesBuildPhase section */
		AFD2F046283792E800153863 /* Embed App Extensions */ = {
			isa = PBXCopyFilesBuildPhase;
			buildActionMask = 2147483647;
			dstPath = "";
			dstSubfolderSpec = 13;
			files = (
				AFD2F045283792E800153863 /* Share Extension.appex in Embed App Extensions */,
			);
			name = "Embed App Extensions";
			runOnlyForDeploymentPostprocessing = 0;
		};
/* End PBXCopyFilesBuildPhase section */

/* Begin PBXFileReference section */
		AF3EAFA828384B83008D27ED /* ImageViewExtension.swift */ = {isa = PBXFileReference; lastKnownFileType = sourcecode.swift; path = ImageViewExtension.swift; sourceTree = "<group>"; };
		AFD2F01928378E9900153863 /* Quick_ShareApp.swift */ = {isa = PBXFileReference; lastKnownFileType = sourcecode.swift; path = Quick_ShareApp.swift; sourceTree = "<group>"; };
		AFD2F01A28378E9900153863 /* ContentView.swift */ = {isa = PBXFileReference; lastKnownFileType = sourcecode.swift; path = ContentView.swift; sourceTree = "<group>"; };
		AFD2F01B28378E9A00153863 /* Assets.xcassets */ = {isa = PBXFileReference; lastKnownFileType = folder.assetcatalog; path = Assets.xcassets; sourceTree = "<group>"; };
		AFD2F02028378E9A00153863 /* Quick Share.app */ = {isa = PBXFileReference; explicitFileType = wrapper.application; includeInIndex = 0; path = "Quick Share.app"; sourceTree = BUILT_PRODUCTS_DIR; };
		AFD2F02628378E9A00153863 /* Quick Share.app */ = {isa = PBXFileReference; explicitFileType = wrapper.application; includeInIndex = 0; path = "Quick Share.app"; sourceTree = BUILT_PRODUCTS_DIR; };
		AFD2F02828378E9A00153863 /* macOS.entitlements */ = {isa = PBXFileReference; lastKnownFileType = text.plist.entitlements; path = macOS.entitlements; sourceTree = "<group>"; };
		AFD2F03B283792E800153863 /* Share Extension.appex */ = {isa = PBXFileReference; explicitFileType = "wrapper.app-extension"; includeInIndex = 0; path = "Share Extension.appex"; sourceTree = BUILT_PRODUCTS_DIR; };
		AFD2F03D283792E800153863 /* ShareViewController.swift */ = {isa = PBXFileReference; lastKnownFileType = sourcecode.swift; path = ShareViewController.swift; sourceTree = "<group>"; };
		AFD2F040283792E800153863 /* Base */ = {isa = PBXFileReference; lastKnownFileType = file.storyboard; name = Base; path = Base.lproj/MainInterface.storyboard; sourceTree = "<group>"; };
		AFD2F042283792E800153863 /* Info.plist */ = {isa = PBXFileReference; lastKnownFileType = text.plist.xml; path = Info.plist; sourceTree = "<group>"; };
/* End PBXFileReference section */

/* Begin PBXFrameworksBuildPhase section */
		AFD2F01D28378E9A00153863 /* Frameworks */ = {
			isa = PBXFrameworksBuildPhase;
			buildActionMask = 2147483647;
			files = (
			);
			runOnlyForDeploymentPostprocessing = 0;
		};
		AFD2F02328378E9A00153863 /* Frameworks */ = {
			isa = PBXFrameworksBuildPhase;
			buildActionMask = 2147483647;
			files = (
			);
			runOnlyForDeploymentPostprocessing = 0;
		};
		AFD2F038283792E800153863 /* Frameworks */ = {
			isa = PBXFrameworksBuildPhase;
			buildActionMask = 2147483647;
			files = (
			);
			runOnlyForDeploymentPostprocessing = 0;
		};
/* End PBXFrameworksBuildPhase section */

/* Begin PBXGroup section */
		AFD2F01328378E9900153863 = {
			isa = PBXGroup;
			children = (
				AFD2F01828378E9900153863 /* Shared */,
				AFD2F02728378E9A00153863 /* macOS */,
				AFD2F03C283792E800153863 /* Share Extension */,
				AFD2F02128378E9A00153863 /* Products */,
			);
			sourceTree = "<group>";
		};
		AFD2F01828378E9900153863 /* Shared */ = {
			isa = PBXGroup;
			children = (
				AFD2F01928378E9900153863 /* Quick_ShareApp.swift */,
				AFD2F01A28378E9900153863 /* ContentView.swift */,
				AFD2F01B28378E9A00153863 /* Assets.xcassets */,
			);
			path = Shared;
			sourceTree = "<group>";
		};
		AFD2F02128378E9A00153863 /* Products */ = {
			isa = PBXGroup;
			children = (
				AFD2F02028378E9A00153863 /* Quick Share.app */,
				AFD2F02628378E9A00153863 /* Quick Share.app */,
				AFD2F03B283792E800153863 /* Share Extension.appex */,
			);
			name = Products;
			sourceTree = "<group>";
		};
		AFD2F02728378E9A00153863 /* macOS */ = {
			isa = PBXGroup;
			children = (
				AFD2F02828378E9A00153863 /* macOS.entitlements */,
			);
			path = macOS;
			sourceTree = "<group>";
		};
		AFD2F03C283792E800153863 /* Share Extension */ = {
			isa = PBXGroup;
			children = (
				AF3EAFA828384B83008D27ED /* ImageViewExtension.swift */,
				AFD2F03D283792E800153863 /* ShareViewController.swift */,
				AFD2F03F283792E800153863 /* MainInterface.storyboard */,
				AFD2F042283792E800153863 /* Info.plist */,
			);
			path = "Share Extension";
			sourceTree = "<group>";
		};
/* End PBXGroup section */

/* Begin PBXNativeTarget section */
		AFD2F01F28378E9A00153863 /* Quick Share (iOS) */ = {
			isa = PBXNativeTarget;
			buildConfigurationList = AFD2F03128378E9A00153863 /* Build configuration list for PBXNativeTarget "Quick Share (iOS)" */;
			buildPhases = (
				AFD2F01C28378E9A00153863 /* Sources */,
				AFD2F01D28378E9A00153863 /* Frameworks */,
				AFD2F01E28378E9A00153863 /* Resources */,
				AFD2F046283792E800153863 /* Embed App Extensions */,
			);
			buildRules = (
			);
			dependencies = (
				AFD2F044283792E800153863 /* PBXTargetDependency */,
			);
			name = "Quick Share (iOS)";
			productName = "Quick Share (iOS)";
			productReference = AFD2F02028378E9A00153863 /* Quick Share.app */;
			productType = "com.apple.product-type.application";
		};
		AFD2F02528378E9A00153863 /* Quick Share (macOS) */ = {
			isa = PBXNativeTarget;
			buildConfigurationList = AFD2F03428378E9A00153863 /* Build configuration list for PBXNativeTarget "Quick Share (macOS)" */;
			buildPhases = (
				AFD2F02228378E9A00153863 /* Sources */,
				AFD2F02328378E9A00153863 /* Frameworks */,
				AFD2F02428378E9A00153863 /* Resources */,
			);
			buildRules = (
			);
			dependencies = (
			);
			name = "Quick Share (macOS)";
			productName = "Quick Share (macOS)";
			productReference = AFD2F02628378E9A00153863 /* Quick Share.app */;
			productType = "com.apple.product-type.application";
		};
		AFD2F03A283792E800153863 /* Share Extension */ = {
			isa = PBXNativeTarget;
			buildConfigurationList = AFD2F049283792E800153863 /* Build configuration list for PBXNativeTarget "Share Extension" */;
			buildPhases = (
				AFD2F037283792E800153863 /* Sources */,
				AFD2F038283792E800153863 /* Frameworks */,
				AFD2F039283792E800153863 /* Resources */,
			);
			buildRules = (
			);
			dependencies = (
			);
			name = "Share Extension";
			productName = "Share Extension";
			productReference = AFD2F03B283792E800153863 /* Share Extension.appex */;
			productType = "com.apple.product-type.app-extension";
		};
/* End PBXNativeTarget section */

/* Begin PBXProject section */
		AFD2F01428378E9900153863 /* Project object */ = {
			isa = PBXProject;
			attributes = {
				BuildIndependentTargetsInParallel = 1;
				LastSwiftUpdateCheck = 1340;
				LastUpgradeCheck = 1340;
				TargetAttributes = {
					AFD2F01F28378E9A00153863 = {
						CreatedOnToolsVersion = 13.4;
					};
					AFD2F02528378E9A00153863 = {
						CreatedOnToolsVersion = 13.4;
					};
					AFD2F03A283792E800153863 = {
						CreatedOnToolsVersion = 13.4;
					};
				};
			};
			buildConfigurationList = AFD2F01728378E9900153863 /* Build configuration list for PBXProject "Quick Share" */;
			compatibilityVersion = "Xcode 13.0";
			developmentRegion = en;
			hasScannedForEncodings = 0;
			knownRegions = (
				en,
				Base,
			);
			mainGroup = AFD2F01328378E9900153863;
			productRefGroup = AFD2F02128378E9A00153863 /* Products */;
			projectDirPath = "";
			projectRoot = "";
			targets = (
				AFD2F01F28378E9A00153863 /* Quick Share (iOS) */,
				AFD2F02528378E9A00153863 /* Quick Share (macOS) */,
				AFD2F03A283792E800153863 /* Share Extension */,
			);
		};
/* End PBXProject section */

/* Begin PBXResourcesBuildPhase section */
		AFD2F01E28378E9A00153863 /* Resources */ = {
			isa = PBXResourcesBuildPhase;
			buildActionMask = 2147483647;
			files = (
				AFD2F02D28378E9A00153863 /* Assets.xcassets in Resources */,
			);
			runOnlyForDeploymentPostprocessing = 0;
		};
		AFD2F02428378E9A00153863 /* Resources */ = {
			isa = PBXResourcesBuildPhase;
			buildActionMask = 2147483647;
			files = (
				AFD2F02E28378E9A00153863 /* Assets.xcassets in Resources */,
			);
			runOnlyForDeploymentPostprocessing = 0;
		};
		AFD2F039283792E800153863 /* Resources */ = {
			isa = PBXResourcesBuildPhase;
			buildActionMask = 2147483647;
			files = (
				AFD2F041283792E800153863 /* MainInterface.storyboard in Resources */,
			);
			runOnlyForDeploymentPostprocessing = 0;
		};
/* End PBXResourcesBuildPhase section */

/* Begin PBXSourcesBuildPhase section */
		AFD2F01C28378E9A00153863 /* Sources */ = {
			isa = PBXSourcesBuildPhase;
			buildActionMask = 2147483647;
			files = (
				AFD2F02B28378E9A00153863 /* ContentView.swift in Sources */,
				AFD2F02928378E9A00153863 /* Quick_ShareApp.swift in Sources */,
			);
			runOnlyForDeploymentPostprocessing = 0;
		};
		AFD2F02228378E9A00153863 /* Sources */ = {
			isa = PBXSourcesBuildPhase;
			buildActionMask = 2147483647;
			files = (
				AFD2F02C28378E9A00153863 /* ContentView.swift in Sources */,
				AFD2F02A28378E9A00153863 /* Quick_ShareApp.swift in Sources */,
			);
			runOnlyForDeploymentPostprocessing = 0;
		};
		AFD2F037283792E800153863 /* Sources */ = {
			isa = PBXSourcesBuildPhase;
			buildActionMask = 2147483647;
			files = (
				AF3EAFA928384B83008D27ED /* ImageViewExtension.swift in Sources */,
				AFD2F03E283792E800153863 /* ShareViewController.swift in Sources */,
			);
			runOnlyForDeploymentPostprocessing = 0;
		};
/* End PBXSourcesBuildPhase section */

/* Begin PBXTargetDependency section */
		AFD2F044283792E800153863 /* PBXTargetDependency */ = {
			isa = PBXTargetDependency;
			target = AFD2F03A283792E800153863 /* Share Extension */;
			targetProxy = AFD2F043283792E800153863 /* PBXContainerItemProxy */;
		};
/* End PBXTargetDependency section */

/* Begin PBXVariantGroup section */
		AFD2F03F283792E800153863 /* MainInterface.storyboard */ = {
			isa = PBXVariantGroup;
			children = (
				AFD2F040283792E800153863 /* Base */,
			);
			name = MainInterface.storyboard;
			sourceTree = "<group>";
		};
/* End PBXVariantGroup section */

/* Begin XCBuildConfiguration section */
		AFD2F02F28378E9A00153863 /* Debug */ = {
			isa = XCBuildConfiguration;
			buildSettings = {
				ALWAYS_SEARCH_USER_PATHS = NO;
				CLANG_ANALYZER_NONNULL = YES;
				CLANG_ANALYZER_NUMBER_OBJECT_CONVERSION = YES_AGGRESSIVE;
				CLANG_CXX_LANGUAGE_STANDARD = "gnu++17";
				CLANG_ENABLE_MODULES = YES;
				CLANG_ENABLE_OBJC_ARC = YES;
				CLANG_ENABLE_OBJC_WEAK = YES;
				CLANG_WARN_BLOCK_CAPTURE_AUTORELEASING = YES;
				CLANG_WARN_BOOL_CONVERSION = YES;
				CLANG_WARN_COMMA = YES;
				CLANG_WARN_CONSTANT_CONVERSION = YES;
				CLANG_WARN_DEPRECATED_OBJC_IMPLEMENTATIONS = YES;
				CLANG_WARN_DIRECT_OBJC_ISA_USAGE = YES_ERROR;
				CLANG_WARN_DOCUMENTATION_COMMENTS = YES;
				CLANG_WARN_EMPTY_BODY = YES;
				CLANG_WARN_ENUM_CONVERSION = YES;
				CLANG_WARN_INFINITE_RECURSION = YES;
				CLANG_WARN_INT_CONVERSION = YES;
				CLANG_WARN_NON_LITERAL_NULL_CONVERSION = YES;
				CLANG_WARN_OBJC_IMPLICIT_RETAIN_SELF = YES;
				CLANG_WARN_OBJC_LITERAL_CONVERSION = YES;
				CLANG_WARN_OBJC_ROOT_CLASS = YES_ERROR;
				CLANG_WARN_QUOTED_INCLUDE_IN_FRAMEWORK_HEADER = YES;
				CLANG_WARN_RANGE_LOOP_ANALYSIS = YES;
				CLANG_WARN_STRICT_PROTOTYPES = YES;
				CLANG_WARN_SUSPICIOUS_MOVE = YES;
				CLANG_WARN_UNGUARDED_AVAILABILITY = YES_AGGRESSIVE;
				CLANG_WARN_UNREACHABLE_CODE = YES;
				CLANG_WARN__DUPLICATE_METHOD_MATCH = YES;
				COPY_PHASE_STRIP = NO;
				DEBUG_INFORMATION_FORMAT = dwarf;
				ENABLE_STRICT_OBJC_MSGSEND = YES;
				ENABLE_TESTABILITY = YES;
				GCC_C_LANGUAGE_STANDARD = gnu11;
				GCC_DYNAMIC_NO_PIC = NO;
				GCC_NO_COMMON_BLOCKS = YES;
				GCC_OPTIMIZATION_LEVEL = 0;
				GCC_PREPROCESSOR_DEFINITIONS = (
					"DEBUG=1",
					"$(inherited)",
				);
				GCC_WARN_64_TO_32_BIT_CONVERSION = YES;
				GCC_WARN_ABOUT_RETURN_TYPE = YES_ERROR;
				GCC_WARN_UNDECLARED_SELECTOR = YES;
				GCC_WARN_UNINITIALIZED_AUTOS = YES_AGGRESSIVE;
				GCC_WARN_UNUSED_FUNCTION = YES;
				GCC_WARN_UNUSED_VARIABLE = YES;
				MTL_ENABLE_DEBUG_INFO = INCLUDE_SOURCE;
				MTL_FAST_MATH = YES;
				ONLY_ACTIVE_ARCH = YES;
				SWIFT_ACTIVE_COMPILATION_CONDITIONS = DEBUG;
				SWIFT_OPTIMIZATION_LEVEL = "-Onone";
			};
			name = Debug;
		};
		AFD2F03028378E9A00153863 /* Release */ = {
			isa = XCBuildConfiguration;
			buildSettings = {
				ALWAYS_SEARCH_USER_PATHS = NO;
				CLANG_ANALYZER_NONNULL = YES;
				CLANG_ANALYZER_NUMBER_OBJECT_CONVERSION = YES_AGGRESSIVE;
				CLANG_CXX_LANGUAGE_STANDARD = "gnu++17";
				CLANG_ENABLE_MODULES = YES;
				CLANG_ENABLE_OBJC_ARC = YES;
				CLANG_ENABLE_OBJC_WEAK = YES;
				CLANG_WARN_BLOCK_CAPTURE_AUTORELEASING = YES;
				CLANG_WARN_BOOL_CONVERSION = YES;
				CLANG_WARN_COMMA = YES;
				CLANG_WARN_CONSTANT_CONVERSION = YES;
				CLANG_WARN_DEPRECATED_OBJC_IMPLEMENTATIONS = YES;
				CLANG_WARN_DIRECT_OBJC_ISA_USAGE = YES_ERROR;
				CLANG_WARN_DOCUMENTATION_COMMENTS = YES;
				CLANG_WARN_EMPTY_BODY = YES;
				CLANG_WARN_ENUM_CONVERSION = YES;
				CLANG_WARN_INFINITE_RECURSION = YES;
				CLANG_WARN_INT_CONVERSION = YES;
				CLANG_WARN_NON_LITERAL_NULL_CONVERSION = YES;
				CLANG_WARN_OBJC_IMPLICIT_RETAIN_SELF = YES;
				CLANG_WARN_OBJC_LITERAL_CONVERSION = YES;
				CLANG_WARN_OBJC_ROOT_CLASS = YES_ERROR;
				CLANG_WARN_QUOTED_INCLUDE_IN_FRAMEWORK_HEADER = YES;
				CLANG_WARN_RANGE_LOOP_ANALYSIS = YES;
				CLANG_WARN_STRICT_PROTOTYPES = YES;
				CLANG_WARN_SUSPICIOUS_MOVE = YES;
				CLANG_WARN_UNGUARDED_AVAILABILITY = YES_AGGRESSIVE;
				CLANG_WARN_UNREACHABLE_CODE = YES;
				CLANG_WARN__DUPLICATE_METHOD_MATCH = YES;
				COPY_PHASE_STRIP = NO;
				DEBUG_INFORMATION_FORMAT = "dwarf-with-dsym";
				ENABLE_NS_ASSERTIONS = NO;
				ENABLE_STRICT_OBJC_MSGSEND = YES;
				GCC_C_LANGUAGE_STANDARD = gnu11;
				GCC_NO_COMMON_BLOCKS = YES;
				GCC_WARN_64_TO_32_BIT_CONVERSION = YES;
				GCC_WARN_ABOUT_RETURN_TYPE = YES_ERROR;
				GCC_WARN_UNDECLARED_SELECTOR = YES;
				GCC_WARN_UNINITIALIZED_AUTOS = YES_AGGRESSIVE;
				GCC_WARN_UNUSED_FUNCTION = YES;
				GCC_WARN_UNUSED_VARIABLE = YES;
				MTL_ENABLE_DEBUG_INFO = NO;
				MTL_FAST_MATH = YES;
				SWIFT_COMPILATION_MODE = wholemodule;
				SWIFT_OPTIMIZATION_LEVEL = "-O";
			};
			name = Release;
		};
		AFD2F03228378E9A00153863 /* Debug */ = {
			isa = XCBuildConfiguration;
			buildSettings = {
				ALWAYS_EMBED_SWIFT_STANDARD_LIBRARIES = YES;
				ASSETCATALOG_COMPILER_APPICON_NAME = AppIcon;
				ASSETCATALOG_COMPILER_GLOBAL_ACCENT_COLOR_NAME = AccentColor;
				CODE_SIGN_STYLE = Automatic;
				CURRENT_PROJECT_VERSION = 1;
				DEVELOPMENT_TEAM = BGYHUAQL5U;
				ENABLE_PREVIEWS = YES;
				GENERATE_INFOPLIST_FILE = YES;
				INFOPLIST_KEY_UIApplicationSceneManifest_Generation = YES;
				INFOPLIST_KEY_UIApplicationSupportsIndirectInputEvents = YES;
				INFOPLIST_KEY_UILaunchScreen_Generation = YES;
				INFOPLIST_KEY_UISupportedInterfaceOrientations_iPad = "UIInterfaceOrientationPortrait UIInterfaceOrientationPortraitUpsideDown UIInterfaceOrientationLandscapeLeft UIInterfaceOrientationLandscapeRight";
				INFOPLIST_KEY_UISupportedInterfaceOrientations_iPhone = "UIInterfaceOrientationPortrait UIInterfaceOrientationLandscapeLeft UIInterfaceOrientationLandscapeRight";
				IPHONEOS_DEPLOYMENT_TARGET = 15.5;
				LD_RUNPATH_SEARCH_PATHS = (
					"$(inherited)",
					"@executable_path/Frameworks",
				);
				MARKETING_VERSION = 1.0;
				PRODUCT_BUNDLE_IDENTIFIER = "com.zsoltkebel.Quick-Share";
				PRODUCT_NAME = "Quick Share";
				SDKROOT = iphoneos;
				SWIFT_EMIT_LOC_STRINGS = YES;
				SWIFT_VERSION = 5.0;
				TARGETED_DEVICE_FAMILY = "1,2";
			};
			name = Debug;
		};
		AFD2F03328378E9A00153863 /* Release */ = {
			isa = XCBuildConfiguration;
			buildSettings = {
				ALWAYS_EMBED_SWIFT_STANDARD_LIBRARIES = YES;
				ASSETCATALOG_COMPILER_APPICON_NAME = AppIcon;
				ASSETCATALOG_COMPILER_GLOBAL_ACCENT_COLOR_NAME = AccentColor;
				CODE_SIGN_STYLE = Automatic;
				CURRENT_PROJECT_VERSION = 1;
				DEVELOPMENT_TEAM = BGYHUAQL5U;
				ENABLE_PREVIEWS = YES;
				GENERATE_INFOPLIST_FILE = YES;
				INFOPLIST_KEY_UIApplicationSceneManifest_Generation = YES;
				INFOPLIST_KEY_UIApplicationSupportsIndirectInputEvents = YES;
				INFOPLIST_KEY_UILaunchScreen_Generation = YES;
				INFOPLIST_KEY_UISupportedInterfaceOrientations_iPad = "UIInterfaceOrientationPortrait UIInterfaceOrientationPortraitUpsideDown UIInterfaceOrientationLandscapeLeft UIInterfaceOrientationLandscapeRight";
				INFOPLIST_KEY_UISupportedInterfaceOrientations_iPhone = "UIInterfaceOrientationPortrait UIInterfaceOrientationLandscapeLeft UIInterfaceOrientationLandscapeRight";
				IPHONEOS_DEPLOYMENT_TARGET = 15.5;
				LD_RUNPATH_SEARCH_PATHS = (
					"$(inherited)",
					"@executable_path/Frameworks",
				);
				MARKETING_VERSION = 1.0;
				PRODUCT_BUNDLE_IDENTIFIER = "com.zsoltkebel.Quick-Share";
				PRODUCT_NAME = "Quick Share";
				SDKROOT = iphoneos;
				SWIFT_EMIT_LOC_STRINGS = YES;
				SWIFT_VERSION = 5.0;
				TARGETED_DEVICE_FAMILY = "1,2";
				VALIDATE_PRODUCT = YES;
			};
			name = Release;
		};
		AFD2F03528378E9A00153863 /* Debug */ = {
			isa = XCBuildConfiguration;
			buildSettings = {
				ASSETCATALOG_COMPILER_APPICON_NAME = AppIcon;
				ASSETCATALOG_COMPILER_GLOBAL_ACCENT_COLOR_NAME = AccentColor;
				CODE_SIGN_ENTITLEMENTS = macOS/macOS.entitlements;
				CODE_SIGN_STYLE = Automatic;
				COMBINE_HIDPI_IMAGES = YES;
				CURRENT_PROJECT_VERSION = 1;
				DEVELOPMENT_TEAM = BGYHUAQL5U;
				ENABLE_HARDENED_RUNTIME = YES;
				ENABLE_PREVIEWS = YES;
				GENERATE_INFOPLIST_FILE = YES;
				INFOPLIST_KEY_NSHumanReadableCopyright = "";
				LD_RUNPATH_SEARCH_PATHS = (
					"$(inherited)",
					"@executable_path/../Frameworks",
				);
				MACOSX_DEPLOYMENT_TARGET = 12.3;
				MARKETING_VERSION = 1.0;
				PRODUCT_BUNDLE_IDENTIFIER = "com.zsoltkebel.Quick-Share";
				PRODUCT_NAME = "Quick Share";
				SDKROOT = macosx;
				SWIFT_EMIT_LOC_STRINGS = YES;
				SWIFT_VERSION = 5.0;
			};
			name = Debug;
		};
		AFD2F03628378E9A00153863 /* Release */ = {
			isa = XCBuildConfiguration;
			buildSettings = {
				ASSETCATALOG_COMPILER_APPICON_NAME = AppIcon;
				ASSETCATALOG_COMPILER_GLOBAL_ACCENT_COLOR_NAME = AccentColor;
				CODE_SIGN_ENTITLEMENTS = macOS/macOS.entitlements;
				CODE_SIGN_STYLE = Automatic;
				COMBINE_HIDPI_IMAGES = YES;
				CURRENT_PROJECT_VERSION = 1;
				DEVELOPMENT_TEAM = BGYHUAQL5U;
				ENABLE_HARDENED_RUNTIME = YES;
				ENABLE_PREVIEWS = YES;
				GENERATE_INFOPLIST_FILE = YES;
				INFOPLIST_KEY_NSHumanReadableCopyright = "";
				LD_RUNPATH_SEARCH_PATHS = (
					"$(inherited)",
					"@executable_path/../Frameworks",
				);
				MACOSX_DEPLOYMENT_TARGET = 12.3;
				MARKETING_VERSION = 1.0;
				PRODUCT_BUNDLE_IDENTIFIER = "com.zsoltkebel.Quick-Share";
				PRODUCT_NAME = "Quick Share";
				SDKROOT = macosx;
				SWIFT_EMIT_LOC_STRINGS = YES;
				SWIFT_VERSION = 5.0;
			};
			name = Release;
		};
		AFD2F047283792E800153863 /* Debug */ = {
			isa = XCBuildConfiguration;
			buildSettings = {
				CODE_SIGN_STYLE = Automatic;
				CURRENT_PROJECT_VERSION = 1;
				DEVELOPMENT_TEAM = BGYHUAQL5U;
				GENERATE_INFOPLIST_FILE = YES;
				INFOPLIST_FILE = "Share Extension/Info.plist";
				INFOPLIST_KEY_CFBundleDisplayName = "Share Extension";
				INFOPLIST_KEY_NSHumanReadableCopyright = "";
				IPHONEOS_DEPLOYMENT_TARGET = 15.5;
				LD_RUNPATH_SEARCH_PATHS = (
					"$(inherited)",
					"@executable_path/Frameworks",
					"@executable_path/../../Frameworks",
				);
				MARKETING_VERSION = 1.0;
				PRODUCT_BUNDLE_IDENTIFIER = "com.zsoltkebel.Quick-Share.Share-Extension";
				PRODUCT_NAME = "$(TARGET_NAME)";
				SDKROOT = iphoneos;
				SKIP_INSTALL = YES;
				SWIFT_EMIT_LOC_STRINGS = YES;
				SWIFT_VERSION = 5.0;
				TARGETED_DEVICE_FAMILY = "1,2";
			};
			name = Debug;
		};
		AFD2F048283792E800153863 /* Release */ = {
			isa = XCBuildConfiguration;
			buildSettings = {
				CODE_SIGN_STYLE = Automatic;
				CURRENT_PROJECT_VERSION = 1;
				DEVELOPMENT_TEAM = BGYHUAQL5U;
				GENERATE_INFOPLIST_FILE = YES;
				INFOPLIST_FILE = "Share Extension/Info.plist";
				INFOPLIST_KEY_CFBundleDisplayName = "Share Extension";
				INFOPLIST_KEY_NSHumanReadableCopyright = "";
				IPHONEOS_DEPLOYMENT_TARGET = 15.5;
				LD_RUNPATH_SEARCH_PATHS = (
					"$(inherited)",
					"@executable_path/Frameworks",
					"@executable_path/../../Frameworks",
				);
				MARKETING_VERSION = 1.0;
				PRODUCT_BUNDLE_IDENTIFIER = "com.zsoltkebel.Quick-Share.Share-Extension";
				PRODUCT_NAME = "$(TARGET_NAME)";
				SDKROOT = iphoneos;
				SKIP_INSTALL = YES;
				SWIFT_EMIT_LOC_STRINGS = YES;
				SWIFT_VERSION = 5.0;
				TARGETED_DEVICE_FAMILY = "1,2";
				VALIDATE_PRODUCT = YES;
			};
			name = Release;
		};
/* End XCBuildConfiguration section */

/* Begin XCConfigurationList section */
		AFD2F01728378E9900153863 /* Build configuration list for PBXProject "Quick Share" */ = {
			isa = XCConfigurationList;
			buildConfigurations = (
				AFD2F02F28378E9A00153863 /* Debug */,
				AFD2F03028378E9A00153863 /* Release */,
			);
			defaultConfigurationIsVisible = 0;
			defaultConfigurationName = Release;
		};
		AFD2F03128378E9A00153863 /* Build configuration list for PBXNativeTarget "Quick Share (iOS)" */ = {
			isa = XCConfigurationList;
			buildConfigurations = (
				AFD2F03228378E9A00153863 /* Debug */,
				AFD2F03328378E9A00153863 /* Release */,
			);
			defaultConfigurationIsVisible = 0;
			defaultConfigurationName = Release;
		};
		AFD2F03428378E9A00153863 /* Build configuration list for PBXNativeTarget "Quick Share (macOS)" */ = {
			isa = XCConfigurationList;
			buildConfigurations = (
				AFD2F03528378E9A00153863 /* Debug */,
				AFD2F03628378E9A00153863 /* Release */,
			);
			defaultConfigurationIsVisible = 0;
			defaultConfigurationName = Release;
		};
		AFD2F049283792E800153863 /* Build configuration list for PBXNativeTarget "Share Extension" */ = {
			isa = XCConfigurationList;
			buildConfigurations = (
				AFD2F047283792E800153863 /* Debug */,
				AFD2F048283792E800153863 /* Release */,
			);
			defaultConfigurationIsVisible = 0;
			defaultConfigurationName = Release;
		};
/* End XCConfigurationList section */
	};
	rootObject = AFD2F01428378E9900153863 /* Project object */;
}
